
Microsoft Visual Studio Solution File, Format Version 12.00
# Visual Studio Version 17
VisualStudioVersion = 17.3.32811.315
MinimumVisualStudioVersion = 10.0.40219.1
Project("{FAE04EC0-301F-11D3-BF4B-00C04F79EFBC}") = "mvcgitexample", "mvcgitexample.csproj", "{0BBC8CFC-BD67-439F-89D2-F219F20984BB}"
EndProject
Global
	GlobalSection(SolutionConfigurationPlatforms) = preSolution
		Debug|Any CPU = Debug|Any CPU
		Release|Any CPU = Release|Any CPU
	EndGlobalSection
	GlobalSection(ProjectConfigurationPlatforms) = postSolution
		{0BBC8CFC-BD67-439F-89D2-F219F20984BB}.Debug|Any CPU.ActiveCfg = Debug|Any CPU
		{0BBC8CFC-BD67-439F-89D2-F219F20984BB}.Debug|Any CPU.Build.0 = Debug|Any CPU
		{0BBC8CFC-BD67-439F-89D2-F219F20984BB}.Release|Any CPU.ActiveCfg = Release|Any CPU
		{0BBC8CFC-BD67-439F-89D2-F219F20984BB}.Release|Any CPU.Build.0 = Release|Any CPU
	EndGlobalSection
	GlobalSection(SolutionProperties) = preSolution
		HideSolutionNode = FALSE
	EndGlobalSection
	GlobalSection(ExtensibilityGlobals) = postSolution
		SolutionGuid = {1F6411DB-8821-4112-BEB5-1324D613BB38}
	EndGlobalSection
EndGlobal
